// !$*UTF8*$!
{
	archiveVersion = 1;
	classes = {
	};
	objectVersion = 46;
	objects = {

/* Begin PBXBuildFile section */
		540018B71C97C34800BF3BD7 /* AppDelegate.swift in Sources */ = {isa = PBXBuildFile; fileRef = 540018B61C97C34800BF3BD7 /* AppDelegate.swift */; };
		540018BE1C97C34800BF3BD7 /* Assets.xcassets in Resources */ = {isa = PBXBuildFile; fileRef = 540018BD1C97C34800BF3BD7 /* Assets.xcassets */; };
		540018C11C97C34800BF3BD7 /* LaunchScreen.storyboard in Resources */ = {isa = PBXBuildFile; fileRef = 540018BF1C97C34800BF3BD7 /* LaunchScreen.storyboard */; };
		540018CC1C97C3AF00BF3BD7 /* AddTaskViewController.swift in Sources */ = {isa = PBXBuildFile; fileRef = 540018C81C97C3AF00BF3BD7 /* AddTaskViewController.swift */; };
		540018CD1C97C3AF00BF3BD7 /* PickTaskViewController.swift in Sources */ = {isa = PBXBuildFile; fileRef = 540018C91C97C3AF00BF3BD7 /* PickTaskViewController.swift */; };
		540018CE1C97C3AF00BF3BD7 /* Task.swift in Sources */ = {isa = PBXBuildFile; fileRef = 540018CA1C97C3AF00BF3BD7 /* Task.swift */; };
		540018CF1C97C3AF00BF3BD7 /* TaskTableViewController.swift in Sources */ = {isa = PBXBuildFile; fileRef = 540018CB1C97C3AF00BF3BD7 /* TaskTableViewController.swift */; };
		540018D11C97C3CA00BF3BD7 /* Main.storyboard in Resources */ = {isa = PBXBuildFile; fileRef = 540018D01C97C3CA00BF3BD7 /* Main.storyboard */; };
		BA8FA66F38AAF34149DE8EDD /* Pods.framework in Frameworks */ = {isa = PBXBuildFile; fileRef = 5557961D370A14DADD010889 /* Pods.framework */; };
/* End PBXBuildFile section */

/* Begin PBXFileReference section */
		540018B31C97C34800BF3BD7 /* ToDoList.app */ = {isa = PBXFileReference; explicitFileType = wrapper.application; includeInIndex = 0; path = ToDoList.app; sourceTree = BUILT_PRODUCTS_DIR; };
		540018B61C97C34800BF3BD7 /* AppDelegate.swift */ = {isa = PBXFileReference; lastKnownFileType = sourcecode.swift; path = AppDelegate.swift; sourceTree = "<group>"; };
		540018BD1C97C34800BF3BD7 /* Assets.xcassets */ = {isa = PBXFileReference; lastKnownFileType = folder.assetcatalog; path = Assets.xcassets; sourceTree = "<group>"; };
		540018C01C97C34800BF3BD7 /* Base */ = {isa = PBXFileReference; lastKnownFileType = file.storyboard; name = Base; path = Base.lproj/LaunchScreen.storyboard; sourceTree = "<group>"; };
		540018C21C97C34800BF3BD7 /* Info.plist */ = {isa = PBXFileReference; lastKnownFileType = text.plist.xml; path = Info.plist; sourceTree = "<group>"; };
		540018C81C97C3AF00BF3BD7 /* AddTaskViewController.swift */ = {isa = PBXFileReference; fileEncoding = 4; lastKnownFileType = sourcecode.swift; path = AddTaskViewController.swift; sourceTree = "<group>"; };
		540018C91C97C3AF00BF3BD7 /* PickTaskViewController.swift */ = {isa = PBXFileReference; fileEncoding = 4; lastKnownFileType = sourcecode.swift; path = PickTaskViewController.swift; sourceTree = "<group>"; };
		540018CA1C97C3AF00BF3BD7 /* Task.swift */ = {isa = PBXFileReference; fileEncoding = 4; lastKnownFileType = sourcecode.swift; path = Task.swift; sourceTree = "<group>"; };
		540018CB1C97C3AF00BF3BD7 /* TaskTableViewController.swift */ = {isa = PBXFileReference; fileEncoding = 4; lastKnownFileType = sourcecode.swift; path = TaskTableViewController.swift; sourceTree = "<group>"; };
		540018D01C97C3CA00BF3BD7 /* Main.storyboard */ = {isa = PBXFileReference; fileEncoding = 4; lastKnownFileType = file.storyboard; path = Main.storyboard; sourceTree = "<group>"; };
		5557961D370A14DADD010889 /* Pods.framework */ = {isa = PBXFileReference; explicitFileType = wrapper.framework; includeInIndex = 0; path = Pods.framework; sourceTree = BUILT_PRODUCTS_DIR; };
		8969DAEA2D6E4F6A96127A7C /* Pods.release.xcconfig */ = {isa = PBXFileReference; includeInIndex = 1; lastKnownFileType = text.xcconfig; name = Pods.release.xcconfig; path = "Pods/Target Support Files/Pods/Pods.release.xcconfig"; sourceTree = "<group>"; };
		EA46E45BA412033F0201DF17 /* Pods.debug.xcconfig */ = {isa = PBXFileReference; includeInIndex = 1; lastKnownFileType = text.xcconfig; name = Pods.debug.xcconfig; path = "Pods/Target Support Files/Pods/Pods.debug.xcconfig"; sourceTree = "<group>"; };
/* End PBXFileReference section */

/* Begin PBXFrameworksBuildPhase section */
		540018B01C97C34800BF3BD7 /* Frameworks */ = {
			isa = PBXFrameworksBuildPhase;
			buildActionMask = 2147483647;
			files = (
				BA8FA66F38AAF34149DE8EDD /* Pods.framework in Frameworks */,
			);
			runOnlyForDeploymentPostprocessing = 0;
		};
/* End PBXFrameworksBuildPhase section */

/* Begin PBXGroup section */
		540018AA1C97C34800BF3BD7 = {
			isa = PBXGroup;
			children = (
				540018B51C97C34800BF3BD7 /* ToDoList */,
				540018B41C97C34800BF3BD7 /* Products */,
				DFEA325323B0776FA99F2D89 /* Pods */,
				5AD6F0922397376C9C0DBF0B /* Frameworks */,
			);
			sourceTree = "<group>";
		};
		540018B41C97C34800BF3BD7 /* Products */ = {
			isa = PBXGroup;
			children = (
				540018B31C97C34800BF3BD7 /* ToDoList.app */,
			);
			name = Products;
			sourceTree = "<group>";
		};
		540018B51C97C34800BF3BD7 /* ToDoList */ = {
			isa = PBXGroup;
			children = (
				540018C81C97C3AF00BF3BD7 /* AddTaskViewController.swift */,
				540018C91C97C3AF00BF3BD7 /* PickTaskViewController.swift */,
				540018D01C97C3CA00BF3BD7 /* Main.storyboard */,
				540018CA1C97C3AF00BF3BD7 /* Task.swift */,
				540018CB1C97C3AF00BF3BD7 /* TaskTableViewController.swift */,
				540018BF1C97C34800BF3BD7 /* LaunchScreen.storyboard */,
				540018B61C97C34800BF3BD7 /* AppDelegate.swift */,
				540018BD1C97C34800BF3BD7 /* Assets.xcassets */,
				540018C21C97C34800BF3BD7 /* Info.plist */,
			);
			path = ToDoList;
			sourceTree = "<group>";
		};
		5AD6F0922397376C9C0DBF0B /* Frameworks */ = {
			isa = PBXGroup;
			children = (
				5557961D370A14DADD010889 /* Pods.framework */,
			);
			name = Frameworks;
			sourceTree = "<group>";
		};
		DFEA325323B0776FA99F2D89 /* Pods */ = {
			isa = PBXGroup;
			children = (
				EA46E45BA412033F0201DF17 /* Pods.debug.xcconfig */,
				8969DAEA2D6E4F6A96127A7C /* Pods.release.xcconfig */,
			);
			name = Pods;
			sourceTree = "<group>";
		};
/* End PBXGroup section */

/* Begin PBXNativeTarget section */
		540018B21C97C34800BF3BD7 /* ToDoList */ = {
			isa = PBXNativeTarget;
			buildConfigurationList = 540018C51C97C34800BF3BD7 /* Build configuration list for PBXNativeTarget "ToDoList" */;
			buildPhases = (
				6DDE0505D9EA62512193ADC6 /* Check Pods Manifest.lock */,
				540018AF1C97C34800BF3BD7 /* Sources */,
				540018B01C97C34800BF3BD7 /* Frameworks */,
				540018B11C97C34800BF3BD7 /* Resources */,
				28626D946BAE813AD93D2FE6 /* Embed Pods Frameworks */,
				EC3A0C8F388F1DDB31211DEC /* Copy Pods Resources */,
			);
			buildRules = (
			);
			dependencies = (
			);
			name = ToDoList;
			productName = ToDoList;
			productReference = 540018B31C97C34800BF3BD7 /* ToDoList.app */;
			productType = "com.apple.product-type.application";
		};
/* End PBXNativeTarget section */

/* Begin PBXProject section */
		540018AB1C97C34800BF3BD7 /* Project object */ = {
			isa = PBXProject;
			attributes = {
				LastSwiftUpdateCheck = 0720;
				LastUpgradeCheck = 0720;
				ORGANIZATIONNAME = singh;
				TargetAttributes = {
					540018B21C97C34800BF3BD7 = {
						CreatedOnToolsVersion = 7.2;
					};
				};
			};
			buildConfigurationList = 540018AE1C97C34800BF3BD7 /* Build configuration list for PBXProject "ToDoList" */;
			compatibilityVersion = "Xcode 3.2";
			developmentRegion = English;
			hasScannedForEncodings = 0;
			knownRegions = (
				en,
				Base,
			);
			mainGroup = 540018AA1C97C34800BF3BD7;
			productRefGroup = 540018B41C97C34800BF3BD7 /* Products */;
			projectDirPath = "";
			projectRoot = "";
			targets = (
				540018B21C97C34800BF3BD7 /* ToDoList */,
			);
		};
/* End PBXProject section */

/* Begin PBXResourcesBuildPhase section */
		540018B11C97C34800BF3BD7 /* Resources */ = {
			isa = PBXResourcesBuildPhase;
			buildActionMask = 2147483647;
			files = (
				540018C11C97C34800BF3BD7 /* LaunchScreen.storyboard in Resources */,
				540018BE1C97C34800BF3BD7 /* Assets.xcassets in Resources */,
				540018D11C97C3CA00BF3BD7 /* Main.storyboard in Resources */,
			);
			runOnlyForDeploymentPostprocessing = 0;
		};
/* End PBXResourcesBuildPhase section */

/* Begin PBXShellScriptBuildPhase section */
		28626D946BAE813AD93D2FE6 /* Embed Pods Frameworks */ = {
			isa = PBXShellScriptBuildPhase;
			buildActionMask = 2147483647;
			files = (
			);
			inputPaths = (
			);
			name = "Embed Pods Frameworks";
			outputPaths = (
			);
			runOnlyForDeploymentPostprocessing = 0;
			shellPath = /bin/sh;
			shellScript = "\"${SRCROOT}/Pods/Target Support Files/Pods/Pods-frameworks.sh\"\n";
			showEnvVarsInLog = 0;
		};
		6DDE0505D9EA62512193ADC6 /* Check Pods Manifest.lock */ = {
			isa = PBXShellScriptBuildPhase;
			buildActionMask = 2147483647;
			files = (
			);
			inputPaths = (
			);
			name = "Check Pods Manifest.lock";
			outputPaths = (
			);
			runOnlyForDeploymentPostprocessing = 0;
			shellPath = /bin/sh;
			shellScript = "diff \"${PODS_ROOT}/../Podfile.lock\" \"${PODS_ROOT}/Manifest.lock\" > /dev/null\nif [[ $? != 0 ]] ; then\n    cat << EOM\nerror: The sandbox is not in sync with the Podfile.lock. Run 'pod install' or update your CocoaPods installation.\nEOM\n    exit 1\nfi\n";
			showEnvVarsInLog = 0;
		};
		EC3A0C8F388F1DDB31211DEC /* Copy Pods Resources */ = {
			isa = PBXShellScriptBuildPhase;
			buildActionMask = 2147483647;
			files = (
			);
			inputPaths = (
			);
			name = "Copy Pods Resources";
			outputPaths = (
			);
			runOnlyForDeploymentPostprocessing = 0;
			shellPath = /bin/sh;
			shellScript = "\"${SRCROOT}/Pods/Target Support Files/Pods/Pods-resources.sh\"\n";
			showEnvVarsInLog = 0;
		};
/* End PBXShellScriptBuildPhase section */

/* Begin PBXSourcesBuildPhase section */
		540018AF1C97C34800BF3BD7 /* Sources */ = {
			isa = PBXSourcesBuildPhase;
			buildActionMask = 2147483647;
			files = (
				540018CF1C97C3AF00BF3BD7 /* TaskTableViewController.swift in Sources */,
				540018CE1C97C3AF00BF3BD7 /* Task.swift in Sources */,
				540018B71C97C34800BF3BD7 /* AppDelegate.swift in Sources */,
				540018CC1C97C3AF00BF3BD7 /* AddTaskViewController.swift in Sources */,
				540018CD1C97C3AF00BF3BD7 /* PickTaskViewController.swift in Sources */,
			);
			runOnlyForDeploymentPostprocessing = 0;
		};
/* End PBXSourcesBuildPhase section */

/* Begin PBXVariantGroup section */
		540018BF1C97C34800BF3BD7 /* LaunchScreen.storyboard */ = {
			isa = PBXVariantGroup;
			children = (
				540018C01C97C34800BF3BD7 /* Base */,
			);
			name = LaunchScreen.storyboard;
			sourceTree = "<group>";
		};
/* End PBXVariantGroup section */

/* Begin XCBuildConfiguration section */
		540018C31C97C34800BF3BD7 /* Debug */ = {
			isa = XCBuildConfiguration;
			buildSettings = {
				ALWAYS_SEARCH_USER_PATHS = NO;
				CLANG_CXX_LANGUAGE_STANDARD = "gnu++0x";
				CLANG_CXX_LIBRARY = "libc++";
				CLANG_ENABLE_MODULES = YES;
				CLANG_ENABLE_OBJC_ARC = YES;
				CLANG_WARN_BOOL_CONVERSION = YES;
				CLANG_WARN_CONSTANT_CONVERSION = YES;
				CLANG_WARN_DIRECT_OBJC_ISA_USAGE = YES_ERROR;
				CLANG_WARN_EMPTY_BODY = YES;
				CLANG_WARN_ENUM_CONVERSION = YES;
				CLANG_WARN_INT_CONVERSION = YES;
				CLANG_WARN_OBJC_ROOT_CLASS = YES_ERROR;
				CLANG_WARN_UNREACHABLE_CODE = YES;
				CLANG_WARN__DUPLICATE_METHOD_MATCH = YES;
				"CODE_SIGN_IDENTITY[sdk=iphoneos*]" = "iPhone Developer";
				COPY_PHASE_STRIP = NO;
				DEBUG_INFORMATION_FORMAT = dwarf;
				ENABLE_STRICT_OBJC_MSGSEND = YES;
				ENABLE_TESTABILITY = YES;
				GCC_C_LANGUAGE_STANDARD = gnu99;
				GCC_DYNAMIC_NO_PIC = NO;
				GCC_NO_COMMON_BLOCKS = YES;
				GCC_OPTIMIZATION_LEVEL = 0;
				GCC_PREPROCESSOR_DEFINITIONS = (
					"DEBUG=1",
					"$(inherited)",
				);
				GCC_WARN_64_TO_32_BIT_CONVERSION = YES;
				GCC_WARN_ABOUT_RETURN_TYPE = YES_ERROR;
				GCC_WARN_UNDECLARED_SELECTOR = YES;
				GCC_WARN_UNINITIALIZED_AUTOS = YES_AGGRESSIVE;
				GCC_WARN_UNUSED_FUNCTION = YES;
				GCC_WARN_UNUSED_VARIABLE = YES;
				IPHONEOS_DEPLOYMENT_TARGET = 9.2;
				MTL_ENABLE_DEBUG_INFO = YES;
				ONLY_ACTIVE_ARCH = YES;
				SDKROOT = iphoneos;
				SWIFT_OPTIMIZATION_LEVEL = "-Onone";
				TARGETED_DEVICE_FAMILY = "1,2";
			};
			name = Debug;
		};
		540018C41C97C34800BF3BD7 /* Release */ = {
			isa = XCBuildConfiguration;
			buildSettings = {
				ALWAYS_SEARCH_USER_PATHS = NO;
				CLANG_CXX_LANGUAGE_STANDARD = "gnu++0x";
				CLANG_CXX_LIBRARY = "libc++";
				CLANG_ENABLE_MODULES = YES;
				CLANG_ENABLE_OBJC_ARC = YES;
				CLANG_WARN_BOOL_CONVERSION = YES;
				CLANG_WARN_CONSTANT_CONVERSION = YES;
				CLANG_WARN_DIRECT_OBJC_ISA_USAGE = YES_ERROR;
				CLANG_WARN_EMPTY_BODY = YES;
				CLANG_WARN_ENUM_CONVERSION = YES;
				CLANG_WARN_INT_CONVERSION = YES;
				CLANG_WARN_OBJC_ROOT_CLASS = YES_ERROR;
				CLANG_WARN_UNREACHABLE_CODE = YES;
				CLANG_WARN__DUPLICATE_METHOD_MATCH = YES;
				"CODE_SIGN_IDENTITY[sdk=iphoneos*]" = "iPhone Developer";
				COPY_PHASE_STRIP = NO;
				DEBUG_INFORMATION_FORMAT = "dwarf-with-dsym";
				ENABLE_NS_ASSERTIONS = NO;
				ENABLE_STRICT_OBJC_MSGSEND = YES;
				GCC_C_LANGUAGE_STANDARD = gnu99;
				GCC_NO_COMMON_BLOCKS = YES;
				GCC_WARN_64_TO_32_BIT_CONVERSION = YES;
				GCC_WARN_ABOUT_RETURN_TYPE = YES_ERROR;
				GCC_WARN_UNDECLARED_SELECTOR = YES;
				GCC_WARN_UNINITIALIZED_AUTOS = YES_AGGRESSIVE;
				GCC_WARN_UNUSED_FUNCTION = YES;
				GCC_WARN_UNUSED_VARIABLE = YES;
				IPHONEOS_DEPLOYMENT_TARGET = 9.2;
				MTL_ENABLE_DEBUG_INFO = NO;
				SDKROOT = iphoneos;
				TARGETED_DEVICE_FAMILY = "1,2";
				VALIDATE_PRODUCT = YES;
			};
			name = Release;
		};
		540018C61C97C34800BF3BD7 /* Debug */ = {
			isa = XCBuildConfiguration;
			baseConfigurationReference = EA46E45BA412033F0201DF17 /* Pods.debug.xcconfig */;
			buildSettings = {
				ASSETCATALOG_COMPILER_APPICON_NAME = AppIcon;
				INFOPLIST_FILE = ToDoList/Info.plist;
				LD_RUNPATH_SEARCH_PATHS = "$(inherited) @executable_path/Frameworks";
				PRODUCT_BUNDLE_IDENTIFIER = aman5066.ToDoList;
				PRODUCT_NAME = "$(TARGET_NAME)";
			};
			name = Debug;
		};
		540018C71C97C34800BF3BD7 /* Release */ = {
			isa = XCBuildConfiguration;
			baseConfigurationReference = 8969DAEA2D6E4F6A96127A7C /* Pods.release.xcconfig */;
			buildSettings = {
				ASSETCATALOG_COMPILER_APPICON_NAME = AppIcon;
				INFOPLIST_FILE = ToDoList/Info.plist;
				LD_RUNPATH_SEARCH_PATHS = "$(inherited) @executable_path/Frameworks";
				PRODUCT_BUNDLE_IDENTIFIER = aman5066.ToDoList;
				PRODUCT_NAME = "$(TARGET_NAME)";
			};
			name = Release;
		};
/* End XCBuildConfiguration section */

/* Begin XCConfigurationList section */
		540018AE1C97C34800BF3BD7 /* Build configuration list for PBXProject "ToDoList" */ = {
			isa = XCConfigurationList;
			buildConfigurations = (
				540018C31C97C34800BF3BD7 /* Debug */,
				540018C41C97C34800BF3BD7 /* Release */,
			);
			defaultConfigurationIsVisible = 0;
			defaultConfigurationName = Release;
		};
		540018C51C97C34800BF3BD7 /* Build configuration list for PBXNativeTarget "ToDoList" */ = {
			isa = XCConfigurationList;
			buildConfigurations = (
				540018C61C97C34800BF3BD7 /* Debug */,
				540018C71C97C34800BF3BD7 /* Release */,
			);
			defaultConfigurationIsVisible = 0;
			defaultConfigurationName = Release;
		};
/* End XCConfigurationList section */
	};
	rootObject = 540018AB1C97C34800BF3BD7 /* Project object */;
}
